
Microsoft Visual Studio Solution File, Format Version 12.00
# Visual Studio Version 16
VisualStudioVersion = 16.0.30309.148
MinimumVisualStudioVersion = 15.0.26124.0
Project("{2150E333-8FDC-42A3-9474-1A3956D46DE8}") = "v1", "v1", "{2ED7275D-E1AD-440A-A29F-05B2C230EDE1}"
	ProjectSection(SolutionItems) = preProject
		samples\v1\Directory.Build.props = samples\v1\Directory.Build.props
	EndProjectSection
EndProject
Project("{2150E333-8FDC-42A3-9474-1A3956D46DE8}") = "v2", "v2", "{AC9B0288-2594-4082-94C2-856993671227}"
	ProjectSection(SolutionItems) = preProject
		samples\v2\Directory.Build.props = samples\v2\Directory.Build.props
	EndProjectSection
EndProject
Project("{9A19103F-16F7-4668-BE54-9A1E7A4F7556}") = "1 - HelloWorld", "samples\v2\1 - HelloWorld\1 - HelloWorld.csproj", "{5F1EFBE7-8EAB-4E1C-AAB8-CB0364D2794D}"
EndProject
Project("{9A19103F-16F7-4668-BE54-9A1E7A4F7556}") = "2 - PrimarySchool", "samples\v2\2 - PrimarySchool\2 - PrimarySchool.csproj", "{786217A1-3893-4319-A6B3-B88281554BEA}"
EndProject
Project("{9A19103F-16F7-4668-BE54-9A1E7A4F7556}") = "3 - StudentManagerAspNetCore", "samples\v2\3 - StudentManagerAspNetCore\3 - StudentManagerAspNetCore.csproj", "{D2630FBC-962F-44D8-AC1B-011142E850C2}"
EndProject
Project("{9A19103F-16F7-4668-BE54-9A1E7A4F7556}") = "1 - HelloWorld", "samples\v1\1 - HelloWorld\1 - HelloWorld.csproj", "{0A96270A-00CB-4CE2-8F30-4355277FC180}"
EndProject
Global
	GlobalSection(SolutionConfigurationPlatforms) = preSolution
		Debug|Any CPU = Debug|Any CPU
		Release|Any CPU = Release|Any CPU
	EndGlobalSection
	GlobalSection(ProjectConfigurationPlatforms) = postSolution
		{5F1EFBE7-8EAB-4E1C-AAB8-CB0364D2794D}.Debug|Any CPU.ActiveCfg = Debug|Any CPU
		{5F1EFBE7-8EAB-4E1C-AAB8-CB0364D2794D}.Debug|Any CPU.Build.0 = Debug|Any CPU
		{5F1EFBE7-8EAB-4E1C-AAB8-CB0364D2794D}.Release|Any CPU.ActiveCfg = Release|Any CPU
		{5F1EFBE7-8EAB-4E1C-AAB8-CB0364D2794D}.Release|Any CPU.Build.0 = Release|Any CPU
		{786217A1-3893-4319-A6B3-B88281554BEA}.Debug|Any CPU.ActiveCfg = Debug|Any CPU
		{786217A1-3893-4319-A6B3-B88281554BEA}.Debug|Any CPU.Build.0 = Debug|Any CPU
		{786217A1-3893-4319-A6B3-B88281554BEA}.Release|Any CPU.ActiveCfg = Release|Any CPU
		{786217A1-3893-4319-A6B3-B88281554BEA}.Release|Any CPU.Build.0 = Release|Any CPU
		{D2630FBC-962F-44D8-AC1B-011142E850C2}.Debug|Any CPU.ActiveCfg = Debug|Any CPU
		{D2630FBC-962F-44D8-AC1B-011142E850C2}.Debug|Any CPU.Build.0 = Debug|Any CPU
		{D2630FBC-962F-44D8-AC1B-011142E850C2}.Release|Any CPU.ActiveCfg = Release|Any CPU
		{D2630FBC-962F-44D8-AC1B-011142E850C2}.Release|Any CPU.Build.0 = Release|Any CPU
		{0A96270A-00CB-4CE2-8F30-4355277FC180}.Debug|Any CPU.ActiveCfg = Debug|Any CPU
		{0A96270A-00CB-4CE2-8F30-4355277FC180}.Debug|Any CPU.Build.0 = Debug|Any CPU
		{0A96270A-00CB-4CE2-8F30-4355277FC180}.Release|Any CPU.ActiveCfg = Release|Any CPU
		{0A96270A-00CB-4CE2-8F30-4355277FC180}.Release|Any CPU.Build.0 = Release|Any CPU
	EndGlobalSection
	GlobalSection(SolutionProperties) = preSolution
		HideSolutionNode = FALSE
	EndGlobalSection
	GlobalSection(NestedProjects) = preSolution
		{5F1EFBE7-8EAB-4E1C-AAB8-CB0364D2794D} = {AC9B0288-2594-4082-94C2-856993671227}
		{786217A1-3893-4319-A6B3-B88281554BEA} = {AC9B0288-2594-4082-94C2-856993671227}
		{D2630FBC-962F-44D8-AC1B-011142E850C2} = {AC9B0288-2594-4082-94C2-856993671227}
		{0A96270A-00CB-4CE2-8F30-4355277FC180} = {2ED7275D-E1AD-440A-A29F-05B2C230EDE1}
	EndGlobalSection
	GlobalSection(ExtensibilityGlobals) = postSolution
		SolutionGuid = {4A731CF3-9CD6-4513-9BDD-EB8854C51A0B}
	EndGlobalSection
EndGlobal
