
Microsoft Visual Studio Solution File, Format Version 12.00
# Visual Studio Version 17
VisualStudioVersion = 17.0.31710.8
MinimumVisualStudioVersion = 10.0.40219.1
Project("{2150E333-8FDC-42A3-9474-1A3956D46DE8}") = "src", "src", "{EDFABD48-3C79-47AE-B84C-47CE2A52C20D}"
EndProject
Project("{2150E333-8FDC-42A3-9474-1A3956D46DE8}") = "test", "test", "{0FAE4F6A-93BB-453C-8FB4-B24A9F30DA59}"
EndProject
Project("{2150E333-8FDC-42A3-9474-1A3956D46DE8}") = "_Solution Items", "_Solution Items", "{CA7737C4-0D3C-4B81-B34C-B4812B54C018}"
	ProjectSection(SolutionItems) = preProject
		.editorconfig = .editorconfig
		Directory.Build.props = Directory.Build.props
		Directory.Packages.props = Directory.Packages.props
		LICENSE.md = LICENSE.md
		README.md = README.md
	EndProjectSection
EndProject
Project("{9A19103F-16F7-4668-BE54-9A1E7A4F7556}") = "EntityFrameworkCore.Triggered.Abstractions", "src\EntityFrameworkCore.Triggered.Abstractions\EntityFrameworkCore.Triggered.Abstractions.csproj", "{B338AEB6-4D18-4069-AE00-9A1E33C638F4}"
EndProject
Project("{9A19103F-16F7-4668-BE54-9A1E7A4F7556}") = "EntityFrameworkCore.Triggered", "src\EntityFrameworkCore.Triggered\EntityFrameworkCore.Triggered.csproj", "{F7EE1BD9-BFCB-46DB-BCF6-52661B6C346B}"
EndProject
Project("{9A19103F-16F7-4668-BE54-9A1E7A4F7556}") = "EntityFrameworkCore.Triggered.Tests", "test\EntityFrameworkCore.Triggered.Tests\EntityFrameworkCore.Triggered.Tests.csproj", "{93EA656F-C065-450E-83C4-9CD510BF03A8}"
EndProject
Project("{9A19103F-16F7-4668-BE54-9A1E7A4F7556}") = "EntityFrameworkCore.Triggered.Transactions.Abstractions", "src\EntityFrameworkCore.Triggered.Transactions.Abstractions\EntityFrameworkCore.Triggered.Transactions.Abstractions.csproj", "{E07F11E4-9B0E-4639-948B-24517C04A121}"
EndProject
Project("{9A19103F-16F7-4668-BE54-9A1E7A4F7556}") = "EntityFrameworkCore.Triggered.Transactions", "src\EntityFrameworkCore.Triggered.Transactions\EntityFrameworkCore.Triggered.Transactions.csproj", "{D1F91AA5-9A1F-4817-874F-D5A7707EC150}"
EndProject
Project("{9A19103F-16F7-4668-BE54-9A1E7A4F7556}") = "EntityFrameworkCore.Triggered.Transactions.Tests", "test\EntityFrameworkCore.Triggered.Transactions.Tests\EntityFrameworkCore.Triggered.Transactions.Tests.csproj", "{20CD4CB9-A061-4C32-8F9E-E2C26D19A219}"
EndProject
Project("{2150E333-8FDC-42A3-9474-1A3956D46DE8}") = "samples", "samples", "{FB5C3BC0-5036-4DD6-85E2-E2B05ECAC40C}"
EndProject
Project("{2150E333-8FDC-42A3-9474-1A3956D46DE8}") = "benchmarks", "benchmarks", "{751DDCEA-5781-4620-B54A-E3C6F77E4CEC}"
EndProject
Project("{9A19103F-16F7-4668-BE54-9A1E7A4F7556}") = "EntityFrameworkCore.Triggered.Benchmarks", "benchmarks\EntityFrameworkCore.Triggered.Benchmarks\EntityFrameworkCore.Triggered.Benchmarks.csproj", "{EC814B59-B387-4092-8F6B-6BDA4390AA9C}"
EndProject
Project("{9A19103F-16F7-4668-BE54-9A1E7A4F7556}") = "EntityFrameworkCore.Triggered.Extensions", "src\EntityFrameworkCore.Triggered.Extensions\EntityFrameworkCore.Triggered.Extensions.csproj", "{27A4A75B-112E-4B3E-867A-5F0D27F74CF8}"
EndProject
Project("{9A19103F-16F7-4668-BE54-9A1E7A4F7556}") = "EntityFrameworkCore.Triggered.Extensions.Tests", "test\EntityFrameworkCore.Triggered.Extensions.Tests\EntityFrameworkCore.Triggered.Extensions.Tests.csproj", "{57F94F2C-81C4-4304-8F5A-FD4F17A2698B}"
EndProject
Project("{9A19103F-16F7-4668-BE54-9A1E7A4F7556}") = "EntityFrameworkCore.Triggered.IntegrationTests", "test\EntityFrameworkCore.Triggered.IntegrationTests\EntityFrameworkCore.Triggered.IntegrationTests.csproj", "{EE979DC2-F993-412E-9CA1-5EE8FB9E249F}"
EndProject
Project("{9A19103F-16F7-4668-BE54-9A1E7A4F7556}") = "1 - HelloWorld", "samples\1 - HelloWorld\1 - HelloWorld.csproj", "{87565486-96DF-412B-A1C4-DAE4A552788E}"
EndProject
Project("{9A19103F-16F7-4668-BE54-9A1E7A4F7556}") = "2 - PrimarySchool", "samples\2 - PrimarySchool\2 - PrimarySchool.csproj", "{6139FBAB-0224-42ED-8DAF-54ED1F3E8C5B}"
EndProject
Project("{9A19103F-16F7-4668-BE54-9A1E7A4F7556}") = "3 - StudentManagerAspNetCore", "samples\3 - StudentManagerAspNetCore\3 - StudentManagerAspNetCore.csproj", "{6D1D3A38-523A-44A8-A3F9-B78E34706B37}"
EndProject
Project("{9A19103F-16F7-4668-BE54-9A1E7A4F7556}") = "4 - BlazorTests", "samples\4 - BlazorTests\4 - BlazorTests.csproj", "{C764B357-8ABE-483E-BA1D-EC05ED689691}"
EndProject
Global
	GlobalSection(SolutionConfigurationPlatforms) = preSolution
		Debug|Any CPU = Debug|Any CPU
		DebugV1|Any CPU = DebugV1|Any CPU
		DebugV2|Any CPU = DebugV2|Any CPU
		Release|Any CPU = Release|Any CPU
		ReleaseV1|Any CPU = ReleaseV1|Any CPU
		ReleaseV2|Any CPU = ReleaseV2|Any CPU
	EndGlobalSection
	GlobalSection(ProjectConfigurationPlatforms) = postSolution
		{B338AEB6-4D18-4069-AE00-9A1E33C638F4}.Debug|Any CPU.ActiveCfg = Debug|Any CPU
		{B338AEB6-4D18-4069-AE00-9A1E33C638F4}.Debug|Any CPU.Build.0 = Debug|Any CPU
		{B338AEB6-4D18-4069-AE00-9A1E33C638F4}.DebugV1|Any CPU.ActiveCfg = DebugV1|Any CPU
		{B338AEB6-4D18-4069-AE00-9A1E33C638F4}.DebugV1|Any CPU.Build.0 = DebugV1|Any CPU
		{B338AEB6-4D18-4069-AE00-9A1E33C638F4}.DebugV2|Any CPU.ActiveCfg = DebugV2|Any CPU
		{B338AEB6-4D18-4069-AE00-9A1E33C638F4}.DebugV2|Any CPU.Build.0 = DebugV2|Any CPU
		{B338AEB6-4D18-4069-AE00-9A1E33C638F4}.Release|Any CPU.ActiveCfg = Release|Any CPU
		{B338AEB6-4D18-4069-AE00-9A1E33C638F4}.Release|Any CPU.Build.0 = Release|Any CPU
		{B338AEB6-4D18-4069-AE00-9A1E33C638F4}.ReleaseV1|Any CPU.ActiveCfg = ReleaseV1|Any CPU
		{B338AEB6-4D18-4069-AE00-9A1E33C638F4}.ReleaseV1|Any CPU.Build.0 = ReleaseV1|Any CPU
		{B338AEB6-4D18-4069-AE00-9A1E33C638F4}.ReleaseV2|Any CPU.ActiveCfg = ReleaseV2|Any CPU
		{B338AEB6-4D18-4069-AE00-9A1E33C638F4}.ReleaseV2|Any CPU.Build.0 = ReleaseV2|Any CPU
		{F7EE1BD9-BFCB-46DB-BCF6-52661B6C346B}.Debug|Any CPU.ActiveCfg = Debug|Any CPU
		{F7EE1BD9-BFCB-46DB-BCF6-52661B6C346B}.Debug|Any CPU.Build.0 = Debug|Any CPU
		{F7EE1BD9-BFCB-46DB-BCF6-52661B6C346B}.DebugV1|Any CPU.ActiveCfg = DebugV1|Any CPU
		{F7EE1BD9-BFCB-46DB-BCF6-52661B6C346B}.DebugV1|Any CPU.Build.0 = DebugV1|Any CPU
		{F7EE1BD9-BFCB-46DB-BCF6-52661B6C346B}.DebugV2|Any CPU.ActiveCfg = DebugV2|Any CPU
		{F7EE1BD9-BFCB-46DB-BCF6-52661B6C346B}.DebugV2|Any CPU.Build.0 = DebugV2|Any CPU
		{F7EE1BD9-BFCB-46DB-BCF6-52661B6C346B}.Release|Any CPU.ActiveCfg = Release|Any CPU
		{F7EE1BD9-BFCB-46DB-BCF6-52661B6C346B}.Release|Any CPU.Build.0 = Release|Any CPU
		{F7EE1BD9-BFCB-46DB-BCF6-52661B6C346B}.ReleaseV1|Any CPU.ActiveCfg = ReleaseV1|Any CPU
		{F7EE1BD9-BFCB-46DB-BCF6-52661B6C346B}.ReleaseV1|Any CPU.Build.0 = ReleaseV1|Any CPU
		{F7EE1BD9-BFCB-46DB-BCF6-52661B6C346B}.ReleaseV2|Any CPU.ActiveCfg = ReleaseV2|Any CPU
		{F7EE1BD9-BFCB-46DB-BCF6-52661B6C346B}.ReleaseV2|Any CPU.Build.0 = ReleaseV2|Any CPU
		{93EA656F-C065-450E-83C4-9CD510BF03A8}.Debug|Any CPU.ActiveCfg = Debug|Any CPU
		{93EA656F-C065-450E-83C4-9CD510BF03A8}.Debug|Any CPU.Build.0 = Debug|Any CPU
		{93EA656F-C065-450E-83C4-9CD510BF03A8}.DebugV1|Any CPU.ActiveCfg = DebugV1|Any CPU
		{93EA656F-C065-450E-83C4-9CD510BF03A8}.DebugV1|Any CPU.Build.0 = DebugV1|Any CPU
		{93EA656F-C065-450E-83C4-9CD510BF03A8}.DebugV2|Any CPU.ActiveCfg = DebugV2|Any CPU
		{93EA656F-C065-450E-83C4-9CD510BF03A8}.DebugV2|Any CPU.Build.0 = DebugV2|Any CPU
		{93EA656F-C065-450E-83C4-9CD510BF03A8}.Release|Any CPU.ActiveCfg = Release|Any CPU
		{93EA656F-C065-450E-83C4-9CD510BF03A8}.Release|Any CPU.Build.0 = Release|Any CPU
		{93EA656F-C065-450E-83C4-9CD510BF03A8}.ReleaseV1|Any CPU.ActiveCfg = ReleaseV1|Any CPU
		{93EA656F-C065-450E-83C4-9CD510BF03A8}.ReleaseV1|Any CPU.Build.0 = ReleaseV1|Any CPU
		{93EA656F-C065-450E-83C4-9CD510BF03A8}.ReleaseV2|Any CPU.ActiveCfg = ReleaseV2|Any CPU
		{93EA656F-C065-450E-83C4-9CD510BF03A8}.ReleaseV2|Any CPU.Build.0 = ReleaseV2|Any CPU
		{E07F11E4-9B0E-4639-948B-24517C04A121}.Debug|Any CPU.ActiveCfg = Debug|Any CPU
		{E07F11E4-9B0E-4639-948B-24517C04A121}.Debug|Any CPU.Build.0 = Debug|Any CPU
		{E07F11E4-9B0E-4639-948B-24517C04A121}.DebugV1|Any CPU.ActiveCfg = DebugV1|Any CPU
		{E07F11E4-9B0E-4639-948B-24517C04A121}.DebugV1|Any CPU.Build.0 = DebugV1|Any CPU
		{E07F11E4-9B0E-4639-948B-24517C04A121}.DebugV2|Any CPU.ActiveCfg = DebugV2|Any CPU
		{E07F11E4-9B0E-4639-948B-24517C04A121}.DebugV2|Any CPU.Build.0 = DebugV2|Any CPU
		{E07F11E4-9B0E-4639-948B-24517C04A121}.Release|Any CPU.ActiveCfg = Release|Any CPU
		{E07F11E4-9B0E-4639-948B-24517C04A121}.Release|Any CPU.Build.0 = Release|Any CPU
		{E07F11E4-9B0E-4639-948B-24517C04A121}.ReleaseV1|Any CPU.ActiveCfg = ReleaseV1|Any CPU
		{E07F11E4-9B0E-4639-948B-24517C04A121}.ReleaseV1|Any CPU.Build.0 = ReleaseV1|Any CPU
		{E07F11E4-9B0E-4639-948B-24517C04A121}.ReleaseV2|Any CPU.ActiveCfg = ReleaseV2|Any CPU
		{E07F11E4-9B0E-4639-948B-24517C04A121}.ReleaseV2|Any CPU.Build.0 = ReleaseV2|Any CPU
		{D1F91AA5-9A1F-4817-874F-D5A7707EC150}.Debug|Any CPU.ActiveCfg = Debug|Any CPU
		{D1F91AA5-9A1F-4817-874F-D5A7707EC150}.Debug|Any CPU.Build.0 = Debug|Any CPU
		{D1F91AA5-9A1F-4817-874F-D5A7707EC150}.DebugV1|Any CPU.ActiveCfg = DebugV1|Any CPU
		{D1F91AA5-9A1F-4817-874F-D5A7707EC150}.DebugV1|Any CPU.Build.0 = DebugV1|Any CPU
		{D1F91AA5-9A1F-4817-874F-D5A7707EC150}.DebugV2|Any CPU.ActiveCfg = DebugV2|Any CPU
		{D1F91AA5-9A1F-4817-874F-D5A7707EC150}.DebugV2|Any CPU.Build.0 = DebugV2|Any CPU
		{D1F91AA5-9A1F-4817-874F-D5A7707EC150}.Release|Any CPU.ActiveCfg = Release|Any CPU
		{D1F91AA5-9A1F-4817-874F-D5A7707EC150}.Release|Any CPU.Build.0 = Release|Any CPU
		{D1F91AA5-9A1F-4817-874F-D5A7707EC150}.ReleaseV1|Any CPU.ActiveCfg = ReleaseV1|Any CPU
		{D1F91AA5-9A1F-4817-874F-D5A7707EC150}.ReleaseV1|Any CPU.Build.0 = ReleaseV1|Any CPU
		{D1F91AA5-9A1F-4817-874F-D5A7707EC150}.ReleaseV2|Any CPU.ActiveCfg = ReleaseV2|Any CPU
		{D1F91AA5-9A1F-4817-874F-D5A7707EC150}.ReleaseV2|Any CPU.Build.0 = ReleaseV2|Any CPU
		{20CD4CB9-A061-4C32-8F9E-E2C26D19A219}.Debug|Any CPU.ActiveCfg = Debug|Any CPU
		{20CD4CB9-A061-4C32-8F9E-E2C26D19A219}.Debug|Any CPU.Build.0 = Debug|Any CPU
		{20CD4CB9-A061-4C32-8F9E-E2C26D19A219}.DebugV1|Any CPU.ActiveCfg = DebugV1|Any CPU
		{20CD4CB9-A061-4C32-8F9E-E2C26D19A219}.DebugV1|Any CPU.Build.0 = DebugV1|Any CPU
		{20CD4CB9-A061-4C32-8F9E-E2C26D19A219}.DebugV2|Any CPU.ActiveCfg = DebugV2|Any CPU
		{20CD4CB9-A061-4C32-8F9E-E2C26D19A219}.DebugV2|Any CPU.Build.0 = DebugV2|Any CPU
		{20CD4CB9-A061-4C32-8F9E-E2C26D19A219}.Release|Any CPU.ActiveCfg = Release|Any CPU
		{20CD4CB9-A061-4C32-8F9E-E2C26D19A219}.Release|Any CPU.Build.0 = Release|Any CPU
		{20CD4CB9-A061-4C32-8F9E-E2C26D19A219}.ReleaseV1|Any CPU.ActiveCfg = ReleaseV1|Any CPU
		{20CD4CB9-A061-4C32-8F9E-E2C26D19A219}.ReleaseV1|Any CPU.Build.0 = ReleaseV1|Any CPU
		{20CD4CB9-A061-4C32-8F9E-E2C26D19A219}.ReleaseV2|Any CPU.ActiveCfg = ReleaseV2|Any CPU
		{20CD4CB9-A061-4C32-8F9E-E2C26D19A219}.ReleaseV2|Any CPU.Build.0 = ReleaseV2|Any CPU
		{EC814B59-B387-4092-8F6B-6BDA4390AA9C}.Debug|Any CPU.ActiveCfg = Debug|Any CPU
		{EC814B59-B387-4092-8F6B-6BDA4390AA9C}.Debug|Any CPU.Build.0 = Debug|Any CPU
		{EC814B59-B387-4092-8F6B-6BDA4390AA9C}.DebugV1|Any CPU.ActiveCfg = Debug|Any CPU
		{EC814B59-B387-4092-8F6B-6BDA4390AA9C}.DebugV1|Any CPU.Build.0 = Debug|Any CPU
		{EC814B59-B387-4092-8F6B-6BDA4390AA9C}.DebugV2|Any CPU.ActiveCfg = DebugV2|Any CPU
		{EC814B59-B387-4092-8F6B-6BDA4390AA9C}.DebugV2|Any CPU.Build.0 = DebugV2|Any CPU
		{EC814B59-B387-4092-8F6B-6BDA4390AA9C}.Release|Any CPU.ActiveCfg = Release|Any CPU
		{EC814B59-B387-4092-8F6B-6BDA4390AA9C}.Release|Any CPU.Build.0 = Release|Any CPU
		{EC814B59-B387-4092-8F6B-6BDA4390AA9C}.ReleaseV1|Any CPU.ActiveCfg = ReleaseV1|Any CPU
		{EC814B59-B387-4092-8F6B-6BDA4390AA9C}.ReleaseV1|Any CPU.Build.0 = ReleaseV1|Any CPU
		{EC814B59-B387-4092-8F6B-6BDA4390AA9C}.ReleaseV2|Any CPU.ActiveCfg = ReleaseV2|Any CPU
		{EC814B59-B387-4092-8F6B-6BDA4390AA9C}.ReleaseV2|Any CPU.Build.0 = ReleaseV2|Any CPU
		{27A4A75B-112E-4B3E-867A-5F0D27F74CF8}.Debug|Any CPU.ActiveCfg = Debug|Any CPU
		{27A4A75B-112E-4B3E-867A-5F0D27F74CF8}.Debug|Any CPU.Build.0 = Debug|Any CPU
		{27A4A75B-112E-4B3E-867A-5F0D27F74CF8}.DebugV1|Any CPU.ActiveCfg = DebugV1|Any CPU
		{27A4A75B-112E-4B3E-867A-5F0D27F74CF8}.DebugV1|Any CPU.Build.0 = DebugV1|Any CPU
		{27A4A75B-112E-4B3E-867A-5F0D27F74CF8}.DebugV2|Any CPU.ActiveCfg = DebugV2|Any CPU
		{27A4A75B-112E-4B3E-867A-5F0D27F74CF8}.DebugV2|Any CPU.Build.0 = DebugV2|Any CPU
		{27A4A75B-112E-4B3E-867A-5F0D27F74CF8}.Release|Any CPU.ActiveCfg = Release|Any CPU
		{27A4A75B-112E-4B3E-867A-5F0D27F74CF8}.Release|Any CPU.Build.0 = Release|Any CPU
		{27A4A75B-112E-4B3E-867A-5F0D27F74CF8}.ReleaseV1|Any CPU.ActiveCfg = ReleaseV1|Any CPU
		{27A4A75B-112E-4B3E-867A-5F0D27F74CF8}.ReleaseV1|Any CPU.Build.0 = ReleaseV1|Any CPU
		{27A4A75B-112E-4B3E-867A-5F0D27F74CF8}.ReleaseV2|Any CPU.ActiveCfg = ReleaseV2|Any CPU
		{27A4A75B-112E-4B3E-867A-5F0D27F74CF8}.ReleaseV2|Any CPU.Build.0 = ReleaseV2|Any CPU
		{57F94F2C-81C4-4304-8F5A-FD4F17A2698B}.Debug|Any CPU.ActiveCfg = Debug|Any CPU
		{57F94F2C-81C4-4304-8F5A-FD4F17A2698B}.Debug|Any CPU.Build.0 = Debug|Any CPU
		{57F94F2C-81C4-4304-8F5A-FD4F17A2698B}.DebugV1|Any CPU.ActiveCfg = DebugV1|Any CPU
		{57F94F2C-81C4-4304-8F5A-FD4F17A2698B}.DebugV1|Any CPU.Build.0 = DebugV1|Any CPU
		{57F94F2C-81C4-4304-8F5A-FD4F17A2698B}.DebugV2|Any CPU.ActiveCfg = DebugV2|Any CPU
		{57F94F2C-81C4-4304-8F5A-FD4F17A2698B}.DebugV2|Any CPU.Build.0 = DebugV2|Any CPU
		{57F94F2C-81C4-4304-8F5A-FD4F17A2698B}.Release|Any CPU.ActiveCfg = Release|Any CPU
		{57F94F2C-81C4-4304-8F5A-FD4F17A2698B}.Release|Any CPU.Build.0 = Release|Any CPU
		{57F94F2C-81C4-4304-8F5A-FD4F17A2698B}.ReleaseV1|Any CPU.ActiveCfg = ReleaseV1|Any CPU
		{57F94F2C-81C4-4304-8F5A-FD4F17A2698B}.ReleaseV1|Any CPU.Build.0 = ReleaseV1|Any CPU
		{57F94F2C-81C4-4304-8F5A-FD4F17A2698B}.ReleaseV2|Any CPU.ActiveCfg = ReleaseV2|Any CPU
		{57F94F2C-81C4-4304-8F5A-FD4F17A2698B}.ReleaseV2|Any CPU.Build.0 = ReleaseV2|Any CPU
		{EE979DC2-F993-412E-9CA1-5EE8FB9E249F}.Debug|Any CPU.ActiveCfg = Debug|Any CPU
		{EE979DC2-F993-412E-9CA1-5EE8FB9E249F}.Debug|Any CPU.Build.0 = Debug|Any CPU
		{EE979DC2-F993-412E-9CA1-5EE8FB9E249F}.DebugV1|Any CPU.ActiveCfg = DebugV1|Any CPU
		{EE979DC2-F993-412E-9CA1-5EE8FB9E249F}.DebugV1|Any CPU.Build.0 = DebugV1|Any CPU
		{EE979DC2-F993-412E-9CA1-5EE8FB9E249F}.DebugV2|Any CPU.ActiveCfg = DebugV2|Any CPU
		{EE979DC2-F993-412E-9CA1-5EE8FB9E249F}.DebugV2|Any CPU.Build.0 = DebugV2|Any CPU
		{EE979DC2-F993-412E-9CA1-5EE8FB9E249F}.Release|Any CPU.ActiveCfg = Release|Any CPU
		{EE979DC2-F993-412E-9CA1-5EE8FB9E249F}.Release|Any CPU.Build.0 = Release|Any CPU
		{EE979DC2-F993-412E-9CA1-5EE8FB9E249F}.ReleaseV1|Any CPU.ActiveCfg = ReleaseV1|Any CPU
		{EE979DC2-F993-412E-9CA1-5EE8FB9E249F}.ReleaseV1|Any CPU.Build.0 = ReleaseV1|Any CPU
		{EE979DC2-F993-412E-9CA1-5EE8FB9E249F}.ReleaseV2|Any CPU.ActiveCfg = ReleaseV2|Any CPU
		{EE979DC2-F993-412E-9CA1-5EE8FB9E249F}.ReleaseV2|Any CPU.Build.0 = ReleaseV2|Any CPU
		{87565486-96DF-412B-A1C4-DAE4A552788E}.Debug|Any CPU.ActiveCfg = Debug|Any CPU
		{87565486-96DF-412B-A1C4-DAE4A552788E}.Debug|Any CPU.Build.0 = Debug|Any CPU
		{87565486-96DF-412B-A1C4-DAE4A552788E}.DebugV1|Any CPU.ActiveCfg = DebugV1|Any CPU
		{87565486-96DF-412B-A1C4-DAE4A552788E}.DebugV1|Any CPU.Build.0 = DebugV1|Any CPU
		{87565486-96DF-412B-A1C4-DAE4A552788E}.DebugV2|Any CPU.ActiveCfg = DebugV2|Any CPU
		{87565486-96DF-412B-A1C4-DAE4A552788E}.DebugV2|Any CPU.Build.0 = DebugV2|Any CPU
		{87565486-96DF-412B-A1C4-DAE4A552788E}.Release|Any CPU.ActiveCfg = Release|Any CPU
		{87565486-96DF-412B-A1C4-DAE4A552788E}.Release|Any CPU.Build.0 = Release|Any CPU
		{87565486-96DF-412B-A1C4-DAE4A552788E}.ReleaseV1|Any CPU.ActiveCfg = ReleaseV1|Any CPU
		{87565486-96DF-412B-A1C4-DAE4A552788E}.ReleaseV1|Any CPU.Build.0 = ReleaseV1|Any CPU
		{87565486-96DF-412B-A1C4-DAE4A552788E}.ReleaseV2|Any CPU.ActiveCfg = ReleaseV2|Any CPU
		{87565486-96DF-412B-A1C4-DAE4A552788E}.ReleaseV2|Any CPU.Build.0 = ReleaseV2|Any CPU
		{6139FBAB-0224-42ED-8DAF-54ED1F3E8C5B}.Debug|Any CPU.ActiveCfg = Debug|Any CPU
		{6139FBAB-0224-42ED-8DAF-54ED1F3E8C5B}.Debug|Any CPU.Build.0 = Debug|Any CPU
		{6139FBAB-0224-42ED-8DAF-54ED1F3E8C5B}.DebugV1|Any CPU.ActiveCfg = DebugV1|Any CPU
		{6139FBAB-0224-42ED-8DAF-54ED1F3E8C5B}.DebugV1|Any CPU.Build.0 = DebugV1|Any CPU
		{6139FBAB-0224-42ED-8DAF-54ED1F3E8C5B}.DebugV2|Any CPU.ActiveCfg = DebugV2|Any CPU
		{6139FBAB-0224-42ED-8DAF-54ED1F3E8C5B}.DebugV2|Any CPU.Build.0 = DebugV2|Any CPU
		{6139FBAB-0224-42ED-8DAF-54ED1F3E8C5B}.Release|Any CPU.ActiveCfg = Release|Any CPU
		{6139FBAB-0224-42ED-8DAF-54ED1F3E8C5B}.Release|Any CPU.Build.0 = Release|Any CPU
		{6139FBAB-0224-42ED-8DAF-54ED1F3E8C5B}.ReleaseV1|Any CPU.ActiveCfg = ReleaseV1|Any CPU
		{6139FBAB-0224-42ED-8DAF-54ED1F3E8C5B}.ReleaseV1|Any CPU.Build.0 = ReleaseV1|Any CPU
		{6139FBAB-0224-42ED-8DAF-54ED1F3E8C5B}.ReleaseV2|Any CPU.ActiveCfg = ReleaseV2|Any CPU
		{6139FBAB-0224-42ED-8DAF-54ED1F3E8C5B}.ReleaseV2|Any CPU.Build.0 = ReleaseV2|Any CPU
		{6D1D3A38-523A-44A8-A3F9-B78E34706B37}.Debug|Any CPU.ActiveCfg = Debug|Any CPU
		{6D1D3A38-523A-44A8-A3F9-B78E34706B37}.Debug|Any CPU.Build.0 = Debug|Any CPU
		{6D1D3A38-523A-44A8-A3F9-B78E34706B37}.DebugV1|Any CPU.ActiveCfg = DebugV1|Any CPU
		{6D1D3A38-523A-44A8-A3F9-B78E34706B37}.DebugV1|Any CPU.Build.0 = DebugV1|Any CPU
		{6D1D3A38-523A-44A8-A3F9-B78E34706B37}.DebugV2|Any CPU.ActiveCfg = DebugV2|Any CPU
		{6D1D3A38-523A-44A8-A3F9-B78E34706B37}.DebugV2|Any CPU.Build.0 = DebugV2|Any CPU
		{6D1D3A38-523A-44A8-A3F9-B78E34706B37}.Release|Any CPU.ActiveCfg = Release|Any CPU
		{6D1D3A38-523A-44A8-A3F9-B78E34706B37}.Release|Any CPU.Build.0 = Release|Any CPU
		{6D1D3A38-523A-44A8-A3F9-B78E34706B37}.ReleaseV1|Any CPU.ActiveCfg = ReleaseV1|Any CPU
		{6D1D3A38-523A-44A8-A3F9-B78E34706B37}.ReleaseV1|Any CPU.Build.0 = ReleaseV1|Any CPU
		{6D1D3A38-523A-44A8-A3F9-B78E34706B37}.ReleaseV2|Any CPU.ActiveCfg = ReleaseV2|Any CPU
		{6D1D3A38-523A-44A8-A3F9-B78E34706B37}.ReleaseV2|Any CPU.Build.0 = ReleaseV2|Any CPU
		{C764B357-8ABE-483E-BA1D-EC05ED689691}.Debug|Any CPU.ActiveCfg = Debug|Any CPU
		{C764B357-8ABE-483E-BA1D-EC05ED689691}.Debug|Any CPU.Build.0 = Debug|Any CPU
		{C764B357-8ABE-483E-BA1D-EC05ED689691}.DebugV1|Any CPU.ActiveCfg = DebugV1|Any CPU
		{C764B357-8ABE-483E-BA1D-EC05ED689691}.DebugV1|Any CPU.Build.0 = DebugV1|Any CPU
		{C764B357-8ABE-483E-BA1D-EC05ED689691}.DebugV2|Any CPU.ActiveCfg = DebugV2|Any CPU
		{C764B357-8ABE-483E-BA1D-EC05ED689691}.DebugV2|Any CPU.Build.0 = DebugV2|Any CPU
		{C764B357-8ABE-483E-BA1D-EC05ED689691}.Release|Any CPU.ActiveCfg = Release|Any CPU
		{C764B357-8ABE-483E-BA1D-EC05ED689691}.Release|Any CPU.Build.0 = Release|Any CPU
		{C764B357-8ABE-483E-BA1D-EC05ED689691}.ReleaseV1|Any CPU.ActiveCfg = ReleaseV1|Any CPU
		{C764B357-8ABE-483E-BA1D-EC05ED689691}.ReleaseV1|Any CPU.Build.0 = ReleaseV1|Any CPU
		{C764B357-8ABE-483E-BA1D-EC05ED689691}.ReleaseV2|Any CPU.ActiveCfg = ReleaseV2|Any CPU
		{C764B357-8ABE-483E-BA1D-EC05ED689691}.ReleaseV2|Any CPU.Build.0 = ReleaseV2|Any CPU
	EndGlobalSection
	GlobalSection(SolutionProperties) = preSolution
		HideSolutionNode = FALSE
	EndGlobalSection
	GlobalSection(NestedProjects) = preSolution
		{B338AEB6-4D18-4069-AE00-9A1E33C638F4} = {EDFABD48-3C79-47AE-B84C-47CE2A52C20D}
		{F7EE1BD9-BFCB-46DB-BCF6-52661B6C346B} = {EDFABD48-3C79-47AE-B84C-47CE2A52C20D}
		{93EA656F-C065-450E-83C4-9CD510BF03A8} = {0FAE4F6A-93BB-453C-8FB4-B24A9F30DA59}
		{E07F11E4-9B0E-4639-948B-24517C04A121} = {EDFABD48-3C79-47AE-B84C-47CE2A52C20D}
		{D1F91AA5-9A1F-4817-874F-D5A7707EC150} = {EDFABD48-3C79-47AE-B84C-47CE2A52C20D}
		{20CD4CB9-A061-4C32-8F9E-E2C26D19A219} = {0FAE4F6A-93BB-453C-8FB4-B24A9F30DA59}
		{EC814B59-B387-4092-8F6B-6BDA4390AA9C} = {751DDCEA-5781-4620-B54A-E3C6F77E4CEC}
		{27A4A75B-112E-4B3E-867A-5F0D27F74CF8} = {EDFABD48-3C79-47AE-B84C-47CE2A52C20D}
		{57F94F2C-81C4-4304-8F5A-FD4F17A2698B} = {0FAE4F6A-93BB-453C-8FB4-B24A9F30DA59}
		{EE979DC2-F993-412E-9CA1-5EE8FB9E249F} = {0FAE4F6A-93BB-453C-8FB4-B24A9F30DA59}
		{87565486-96DF-412B-A1C4-DAE4A552788E} = {FB5C3BC0-5036-4DD6-85E2-E2B05ECAC40C}
		{6139FBAB-0224-42ED-8DAF-54ED1F3E8C5B} = {FB5C3BC0-5036-4DD6-85E2-E2B05ECAC40C}
		{6D1D3A38-523A-44A8-A3F9-B78E34706B37} = {FB5C3BC0-5036-4DD6-85E2-E2B05ECAC40C}
		{C764B357-8ABE-483E-BA1D-EC05ED689691} = {FB5C3BC0-5036-4DD6-85E2-E2B05ECAC40C}
	EndGlobalSection
	GlobalSection(ExtensibilityGlobals) = postSolution
		SolutionGuid = {847A0017-23D6-4513-B78E-CAADBD836A7D}
	EndGlobalSection
EndGlobal
