
Microsoft Visual Studio Solution File, Format Version 12.00
# Visual Studio Version 16
VisualStudioVersion = 16.0.30309.148
MinimumVisualStudioVersion = 15.0.26124.0
Project("{2150E333-8FDC-42A3-9474-1A3956D46DE8}") = "src", "src", "{10F7748C-201F-4364-BFB2-2E95BC6B823E}"
EndProject
Project("{9A19103F-16F7-4668-BE54-9A1E7A4F7556}") = "EntityFrameworkCore.Triggered", "..\src\EntityFrameworkCore.Triggered\EntityFrameworkCore.Triggered.csproj", "{726F32B9-1B55-4AB3-ACEC-0433CCE7E267}"
EndProject
Project("{9A19103F-16F7-4668-BE54-9A1E7A4F7556}") = "1 - HelloWorld", "1 - HelloWorld\1 - HelloWorld.csproj", "{4401CEDA-5C61-41AC-B2A0-671C806EDDDB}"
EndProject
Project("{9A19103F-16F7-4668-BE54-9A1E7A4F7556}") = "2 - PrimarySchool", "2 - PrimarySchool\2 - PrimarySchool.csproj", "{CB546532-D79D-424A-90F7-568BEBD77D38}"
EndProject
Project("{FAE04EC0-301F-11D3-BF4B-00C04F79EFBC}") = "3 - StudentManagerAspNetCore", "3 - StudentManagerAspNetCore\3 - StudentManagerAspNetCore.csproj", "{7F74F581-23DD-4270-B5BD-BDFDF1965E1D}"
EndProject
Global
	GlobalSection(SolutionConfigurationPlatforms) = preSolution
		Debug|Any CPU = Debug|Any CPU
		Release|Any CPU = Release|Any CPU
	EndGlobalSection
	GlobalSection(ProjectConfigurationPlatforms) = postSolution
		{726F32B9-1B55-4AB3-ACEC-0433CCE7E267}.Debug|Any CPU.ActiveCfg = Debug|Any CPU
		{726F32B9-1B55-4AB3-ACEC-0433CCE7E267}.Debug|Any CPU.Build.0 = Debug|Any CPU
		{726F32B9-1B55-4AB3-ACEC-0433CCE7E267}.Release|Any CPU.ActiveCfg = Release|Any CPU
		{726F32B9-1B55-4AB3-ACEC-0433CCE7E267}.Release|Any CPU.Build.0 = Release|Any CPU
		{4401CEDA-5C61-41AC-B2A0-671C806EDDDB}.Debug|Any CPU.ActiveCfg = Debug|Any CPU
		{4401CEDA-5C61-41AC-B2A0-671C806EDDDB}.Debug|Any CPU.Build.0 = Debug|Any CPU
		{4401CEDA-5C61-41AC-B2A0-671C806EDDDB}.Release|Any CPU.ActiveCfg = Release|Any CPU
		{4401CEDA-5C61-41AC-B2A0-671C806EDDDB}.Release|Any CPU.Build.0 = Release|Any CPU
		{CB546532-D79D-424A-90F7-568BEBD77D38}.Debug|Any CPU.ActiveCfg = Debug|Any CPU
		{CB546532-D79D-424A-90F7-568BEBD77D38}.Debug|Any CPU.Build.0 = Debug|Any CPU
		{CB546532-D79D-424A-90F7-568BEBD77D38}.Release|Any CPU.ActiveCfg = Release|Any CPU
		{CB546532-D79D-424A-90F7-568BEBD77D38}.Release|Any CPU.Build.0 = Release|Any CPU
		{7F74F581-23DD-4270-B5BD-BDFDF1965E1D}.Debug|Any CPU.ActiveCfg = Debug|Any CPU
		{7F74F581-23DD-4270-B5BD-BDFDF1965E1D}.Debug|Any CPU.Build.0 = Debug|Any CPU
		{7F74F581-23DD-4270-B5BD-BDFDF1965E1D}.Release|Any CPU.ActiveCfg = Release|Any CPU
		{7F74F581-23DD-4270-B5BD-BDFDF1965E1D}.Release|Any CPU.Build.0 = Release|Any CPU
	EndGlobalSection
	GlobalSection(SolutionProperties) = preSolution
		HideSolutionNode = FALSE
	EndGlobalSection
	GlobalSection(NestedProjects) = preSolution
		{726F32B9-1B55-4AB3-ACEC-0433CCE7E267} = {10F7748C-201F-4364-BFB2-2E95BC6B823E}
	EndGlobalSection
	GlobalSection(ExtensibilityGlobals) = postSolution
		SolutionGuid = {4A731CF3-9CD6-4513-9BDD-EB8854C51A0B}
	EndGlobalSection
EndGlobal
